// !$*UTF8*$!
{
	archiveVersion = 1;
	classes = {
	};
	objectVersion = 56;
	objects = {

/* Begin PBXBuildFile section */
		280B9C2829167DD200F47E55 /* NYStyleVeggiePizza.swift in Sources */ = {isa = PBXBuildFile; fileRef = 280B9C2729167DD200F47E55 /* NYStyleVeggiePizza.swift */; };
		280B9C2B2916800D00F47E55 /* NYStyleCheesePizza.swift in Sources */ = {isa = PBXBuildFile; fileRef = 280B9C2A2916800D00F47E55 /* NYStyleCheesePizza.swift */; };
		280B9C2D2916804B00F47E55 /* NyStyleClamPizza.swift in Sources */ = {isa = PBXBuildFile; fileRef = 280B9C2C2916804B00F47E55 /* NyStyleClamPizza.swift */; };
		280B9C2F2916807E00F47E55 /* NYStylePepperoniPizza.swift in Sources */ = {isa = PBXBuildFile; fileRef = 280B9C2E2916807E00F47E55 /* NYStylePepperoniPizza.swift */; };
		280B9C38291683B500F47E55 /* ChicagoStyleVeggiePizza.swift in Sources */ = {isa = PBXBuildFile; fileRef = 280B9C37291683B500F47E55 /* ChicagoStyleVeggiePizza.swift */; };
		280B9C3A2916843D00F47E55 /* ChicagoStylePepperoniPizza.swift in Sources */ = {isa = PBXBuildFile; fileRef = 280B9C392916843D00F47E55 /* ChicagoStylePepperoniPizza.swift */; };
		280B9C3E291684AB00F47E55 /* ChicagoStyleCheesePizza.swift in Sources */ = {isa = PBXBuildFile; fileRef = 280B9C3D291684AB00F47E55 /* ChicagoStyleCheesePizza.swift */; };
		28471FA7290E9FB5005D8683 /* Beverage.swift in Sources */ = {isa = PBXBuildFile; fileRef = 28471FA6290E9FB5005D8683 /* Beverage.swift */; };
		28471FA9290EA005005D8683 /* BeverageDecorator.swift in Sources */ = {isa = PBXBuildFile; fileRef = 28471FA8290EA005005D8683 /* BeverageDecorator.swift */; };
		28471FAB290EA058005D8683 /* Moca.swift in Sources */ = {isa = PBXBuildFile; fileRef = 28471FAA290EA058005D8683 /* Moca.swift */; };
		28471FAD290EA0A9005D8683 /* Milk.swift in Sources */ = {isa = PBXBuildFile; fileRef = 28471FAC290EA0A9005D8683 /* Milk.swift */; };
		28471FAF290EA110005D8683 /* Espresso.swift in Sources */ = {isa = PBXBuildFile; fileRef = 28471FAE290EA110005D8683 /* Espresso.swift */; };
		28471FB1290EA147005D8683 /* HouseBlend.swift in Sources */ = {isa = PBXBuildFile; fileRef = 28471FB0290EA147005D8683 /* HouseBlend.swift */; };
		28471FB3290EA17B005D8683 /* Decaf.swift in Sources */ = {isa = PBXBuildFile; fileRef = 28471FB2290EA17B005D8683 /* Decaf.swift */; };
		28471FB5290EA197005D8683 /* DarkRoast.swift in Sources */ = {isa = PBXBuildFile; fileRef = 28471FB4290EA197005D8683 /* DarkRoast.swift */; };
		28471FB7290EA1B6005D8683 /* Soy.swift in Sources */ = {isa = PBXBuildFile; fileRef = 28471FB6290EA1B6005D8683 /* Soy.swift */; };
		28471FB9290EA1E6005D8683 /* Whip.swift in Sources */ = {isa = PBXBuildFile; fileRef = 28471FB8290EA1E6005D8683 /* Whip.swift */; };
		285B886429209E2E00B2925B /* PizzaIngredientFactory.swift in Sources */ = {isa = PBXBuildFile; fileRef = 285B886329209E2E00B2925B /* PizzaIngredientFactory.swift */; };
		285B886629209EED00B2925B /* Dough.swift in Sources */ = {isa = PBXBuildFile; fileRef = 285B886529209EED00B2925B /* Dough.swift */; };
		285B886829209F1A00B2925B /* Sauce.swift in Sources */ = {isa = PBXBuildFile; fileRef = 285B886729209F1A00B2925B /* Sauce.swift */; };
		285B886A29209F2500B2925B /* Cheese.swift in Sources */ = {isa = PBXBuildFile; fileRef = 285B886929209F2500B2925B /* Cheese.swift */; };
		285B886C29209F3300B2925B /* Veggies.swift in Sources */ = {isa = PBXBuildFile; fileRef = 285B886B29209F3300B2925B /* Veggies.swift */; };
		285B886E29209F4200B2925B /* Pepperoni.swift in Sources */ = {isa = PBXBuildFile; fileRef = 285B886D29209F4200B2925B /* Pepperoni.swift */; };
		285B887029209F5200B2925B /* Clam.swift in Sources */ = {isa = PBXBuildFile; fileRef = 285B886F29209F5200B2925B /* Clam.swift */; };
		285B887229209FD700B2925B /* NYPizzaIngredientFactory.swift in Sources */ = {isa = PBXBuildFile; fileRef = 285B887129209FD700B2925B /* NYPizzaIngredientFactory.swift */; };
		285B88742920A0E600B2925B /* ThinCrustDough.swift in Sources */ = {isa = PBXBuildFile; fileRef = 285B88732920A0E600B2925B /* ThinCrustDough.swift */; };
		285B88762920A12100B2925B /* ThickCrustDough.swift in Sources */ = {isa = PBXBuildFile; fileRef = 285B88752920A12100B2925B /* ThickCrustDough.swift */; };
		285B88782920A13F00B2925B /* PlumTomatoSauce.swift in Sources */ = {isa = PBXBuildFile; fileRef = 285B88772920A13F00B2925B /* PlumTomatoSauce.swift */; };
		285B887A2920A15B00B2925B /* MarinaraSauce.swift in Sources */ = {isa = PBXBuildFile; fileRef = 285B88792920A15B00B2925B /* MarinaraSauce.swift */; };
		285B887C2920A16D00B2925B /* MozzarellaCheese.swift in Sources */ = {isa = PBXBuildFile; fileRef = 285B887B2920A16D00B2925B /* MozzarellaCheese.swift */; };
		285B887E2920A17D00B2925B /* ReggianoCheese.swift in Sources */ = {isa = PBXBuildFile; fileRef = 285B887D2920A17D00B2925B /* ReggianoCheese.swift */; };
		285B88822920A1A100B2925B /* FrozenClams.swift in Sources */ = {isa = PBXBuildFile; fileRef = 285B88812920A1A100B2925B /* FrozenClams.swift */; };
		285B88842920A1AF00B2925B /* FreshClams.swift in Sources */ = {isa = PBXBuildFile; fileRef = 285B88832920A1AF00B2925B /* FreshClams.swift */; };
		285B88862920A1D100B2925B /* SlicedPepperoni.swift in Sources */ = {isa = PBXBuildFile; fileRef = 285B88852920A1D100B2925B /* SlicedPepperoni.swift */; };
		285B88882920A20900B2925B /* Garlic.swift in Sources */ = {isa = PBXBuildFile; fileRef = 285B88872920A20900B2925B /* Garlic.swift */; };
		285B888A2920A21500B2925B /* Onion.swift in Sources */ = {isa = PBXBuildFile; fileRef = 285B88892920A21500B2925B /* Onion.swift */; };
		285B888C2920A22900B2925B /* Mushroom.swift in Sources */ = {isa = PBXBuildFile; fileRef = 285B888B2920A22900B2925B /* Mushroom.swift */; };
		285B888E2920A23B00B2925B /* RedPepper.swift in Sources */ = {isa = PBXBuildFile; fileRef = 285B888D2920A23B00B2925B /* RedPepper.swift */; };
		285B88902920A43D00B2925B /* ChicagoPizzaIngredientFactory.swift in Sources */ = {isa = PBXBuildFile; fileRef = 285B888F2920A43D00B2925B /* ChicagoPizzaIngredientFactory.swift */; };
		285B88922920A4F000B2925B /* BlackOlives.swift in Sources */ = {isa = PBXBuildFile; fileRef = 285B88912920A4F000B2925B /* BlackOlives.swift */; };
		285B88942920A50400B2925B /* Spinach.swift in Sources */ = {isa = PBXBuildFile; fileRef = 285B88932920A50400B2925B /* Spinach.swift */; };
		285B88962920A51300B2925B /* Eggplant.swift in Sources */ = {isa = PBXBuildFile; fileRef = 285B88952920A51300B2925B /* Eggplant.swift */; };
		285B88992920A5A300B2925B /* Pizza.swift in Sources */ = {isa = PBXBuildFile; fileRef = 285B88982920A5A300B2925B /* Pizza.swift */; };
		285B889B2920A66400B2925B /* CheesePizza.swift in Sources */ = {isa = PBXBuildFile; fileRef = 285B889A2920A66400B2925B /* CheesePizza.swift */; };
		285B889D2920A90A00B2925B /* ClamPizza.swift in Sources */ = {isa = PBXBuildFile; fileRef = 285B889C2920A90A00B2925B /* ClamPizza.swift */; };
		285B889F2920A9B700B2925B /* VeggiePizza.swift in Sources */ = {isa = PBXBuildFile; fileRef = 285B889E2920A9B700B2925B /* VeggiePizza.swift */; };
		285B88A12920A9DE00B2925B /* PepperoniPizza.swift in Sources */ = {isa = PBXBuildFile; fileRef = 285B88A02920A9DE00B2925B /* PepperoniPizza.swift */; };
		285B88A32920AA1A00B2925B /* NYPizzaStore.swift in Sources */ = {isa = PBXBuildFile; fileRef = 285B88A22920AA1A00B2925B /* NYPizzaStore.swift */; };
		285B88A52920AA8700B2925B /* PizzaStore.swift in Sources */ = {isa = PBXBuildFile; fileRef = 285B88A42920AA8700B2925B /* PizzaStore.swift */; };
		285B88A72920ABAD00B2925B /* ChicagoPizzaStore.swift in Sources */ = {isa = PBXBuildFile; fileRef = 285B88A62920ABAD00B2925B /* ChicagoPizzaStore.swift */; };
		285B88A92920B41F00B2925B /* PizzaDrive.swift in Sources */ = {isa = PBXBuildFile; fileRef = 285B88A82920B41F00B2925B /* PizzaDrive.swift */; };
		28CB341028FBE08700F3B828 /* Subject.swift in Sources */ = {isa = PBXBuildFile; fileRef = 28CB340F28FBE08700F3B828 /* Subject.swift */; };
		28CB341228FBE11F00F3B828 /* Observer.swift in Sources */ = {isa = PBXBuildFile; fileRef = 28CB341128FBE11F00F3B828 /* Observer.swift */; };
		28CB341428FBE18300F3B828 /* DisplayElement.swift in Sources */ = {isa = PBXBuildFile; fileRef = 28CB341328FBE18300F3B828 /* DisplayElement.swift */; };
		28CB341628FBE1B200F3B828 /* WeatherData.swift in Sources */ = {isa = PBXBuildFile; fileRef = 28CB341528FBE1B200F3B828 /* WeatherData.swift */; };
		28CB341828FBEAEA00F3B828 /* CurrentConditionDisplay.swift in Sources */ = {isa = PBXBuildFile; fileRef = 28CB341728FBEAEA00F3B828 /* CurrentConditionDisplay.swift */; };
		28CB341E28FBEF9100F3B828 /* ForecastDisplay.swift in Sources */ = {isa = PBXBuildFile; fileRef = 28CB341D28FBEF9100F3B828 /* ForecastDisplay.swift */; };
		28CB342028FBF0EB00F3B828 /* StatisticsDisplay.swift in Sources */ = {isa = PBXBuildFile; fileRef = 28CB341F28FBF0EB00F3B828 /* StatisticsDisplay.swift */; };
		28CB342228FBF6B400F3B828 /* HeatIndexDisplay.swift in Sources */ = {isa = PBXBuildFile; fileRef = 28CB342128FBF6B400F3B828 /* HeatIndexDisplay.swift */; };
		28CBC63B28F6E0C3006933BC /* main.swift in Sources */ = {isa = PBXBuildFile; fileRef = 28CBC63A28F6E0C3006933BC /* main.swift */; };
		28CBC64628F6EF7D006933BC /* Duck.swift in Sources */ = {isa = PBXBuildFile; fileRef = 28CBC64528F6EF7D006933BC /* Duck.swift */; };
		28CBC64828F6F004006933BC /* FlyBehaviorProtocol.swift in Sources */ = {isa = PBXBuildFile; fileRef = 28CBC64728F6F004006933BC /* FlyBehaviorProtocol.swift */; };
		28CBC64B28F6F1DE006933BC /* FlyWithWings.swift in Sources */ = {isa = PBXBuildFile; fileRef = 28CBC64A28F6F1DE006933BC /* FlyWithWings.swift */; };
		28CBC64D28F6F362006933BC /* FlyNoWay.swift in Sources */ = {isa = PBXBuildFile; fileRef = 28CBC64C28F6F362006933BC /* FlyNoWay.swift */; };
		28CBC65028F6F6C1006933BC /* QuackBehaviorProtocol.swift in Sources */ = {isa = PBXBuildFile; fileRef = 28CBC64F28F6F6C1006933BC /* QuackBehaviorProtocol.swift */; };
		28CBC65228F6F6F2006933BC /* Quack.swift in Sources */ = {isa = PBXBuildFile; fileRef = 28CBC65128F6F6F2006933BC /* Quack.swift */; };
		28CBC65428F6F727006933BC /* MuteQuack.swift in Sources */ = {isa = PBXBuildFile; fileRef = 28CBC65328F6F727006933BC /* MuteQuack.swift */; };
		28CBC65628F6F75F006933BC /* Squeak.swift in Sources */ = {isa = PBXBuildFile; fileRef = 28CBC65528F6F75F006933BC /* Squeak.swift */; };
		28CBC65B28F6F7DD006933BC /* MallardDuck.swift in Sources */ = {isa = PBXBuildFile; fileRef = 28CBC65A28F6F7DD006933BC /* MallardDuck.swift */; };
		28CBC65D28F7049D006933BC /* ModelDuck.swift in Sources */ = {isa = PBXBuildFile; fileRef = 28CBC65C28F7049D006933BC /* ModelDuck.swift */; };
		28CBC65F28F704FE006933BC /* FlyRocketPowered.swift in Sources */ = {isa = PBXBuildFile; fileRef = 28CBC65E28F704FE006933BC /* FlyRocketPowered.swift */; };
/* End PBXBuildFile section */

/* Begin PBXCopyFilesBuildPhase section */
		28CBC63528F6E0C3006933BC /* CopyFiles */ = {
			isa = PBXCopyFilesBuildPhase;
			buildActionMask = 2147483647;
			dstPath = /usr/share/man/man1/;
			dstSubfolderSpec = 0;
			files = (
			);
			runOnlyForDeploymentPostprocessing = 1;
		};
/* End PBXCopyFilesBuildPhase section */

/* Begin PBXFileReference section */
		280B9C21291662B800F47E55 /* PizzaStore.swift */ = {isa = PBXFileReference; lastKnownFileType = sourcecode.swift; path = PizzaStore.swift; sourceTree = "<group>"; };
		280B9C2329166C3800F47E55 /* Pizza.swift */ = {isa = PBXFileReference; lastKnownFileType = sourcecode.swift; path = Pizza.swift; sourceTree = "<group>"; };
		280B9C2529167B7700F47E55 /* NYPizzaStore.swift */ = {isa = PBXFileReference; lastKnownFileType = sourcecode.swift; path = NYPizzaStore.swift; sourceTree = "<group>"; };
		280B9C2729167DD200F47E55 /* NYStyleVeggiePizza.swift */ = {isa = PBXFileReference; lastKnownFileType = sourcecode.swift; path = NYStyleVeggiePizza.swift; sourceTree = "<group>"; };
		280B9C2A2916800D00F47E55 /* NYStyleCheesePizza.swift */ = {isa = PBXFileReference; lastKnownFileType = sourcecode.swift; path = NYStyleCheesePizza.swift; sourceTree = "<group>"; };
		280B9C2C2916804B00F47E55 /* NyStyleClamPizza.swift */ = {isa = PBXFileReference; lastKnownFileType = sourcecode.swift; path = NyStyleClamPizza.swift; sourceTree = "<group>"; };
		280B9C2E2916807E00F47E55 /* NYStylePepperoniPizza.swift */ = {isa = PBXFileReference; lastKnownFileType = sourcecode.swift; path = NYStylePepperoniPizza.swift; sourceTree = "<group>"; };
		280B9C352916836D00F47E55 /* ChicagoPizzaStore.swift */ = {isa = PBXFileReference; lastKnownFileType = sourcecode.swift; path = ChicagoPizzaStore.swift; sourceTree = "<group>"; };
		280B9C37291683B500F47E55 /* ChicagoStyleVeggiePizza.swift */ = {isa = PBXFileReference; lastKnownFileType = sourcecode.swift; path = ChicagoStyleVeggiePizza.swift; sourceTree = "<group>"; };
		280B9C392916843D00F47E55 /* ChicagoStylePepperoniPizza.swift */ = {isa = PBXFileReference; lastKnownFileType = sourcecode.swift; path = ChicagoStylePepperoniPizza.swift; sourceTree = "<group>"; };
		280B9C3B2916848200F47E55 /* ChicagoStyleClamPizza.swift */ = {isa = PBXFileReference; lastKnownFileType = sourcecode.swift; path = ChicagoStyleClamPizza.swift; sourceTree = "<group>"; };
		280B9C3D291684AB00F47E55 /* ChicagoStyleCheesePizza.swift */ = {isa = PBXFileReference; lastKnownFileType = sourcecode.swift; path = ChicagoStyleCheesePizza.swift; sourceTree = "<group>"; };
		280B9C41291696B200F47E55 /* PizzaTestDrive.swift */ = {isa = PBXFileReference; lastKnownFileType = sourcecode.swift; path = PizzaTestDrive.swift; sourceTree = "<group>"; };
		28471FA6290E9FB5005D8683 /* Beverage.swift */ = {isa = PBXFileReference; lastKnownFileType = sourcecode.swift; path = Beverage.swift; sourceTree = "<group>"; };
		28471FA8290EA005005D8683 /* BeverageDecorator.swift */ = {isa = PBXFileReference; lastKnownFileType = sourcecode.swift; path = BeverageDecorator.swift; sourceTree = "<group>"; };
		28471FAA290EA058005D8683 /* Moca.swift */ = {isa = PBXFileReference; lastKnownFileType = sourcecode.swift; path = Moca.swift; sourceTree = "<group>"; };
		28471FAC290EA0A9005D8683 /* Milk.swift */ = {isa = PBXFileReference; lastKnownFileType = sourcecode.swift; path = Milk.swift; sourceTree = "<group>"; };
		28471FAE290EA110005D8683 /* Espresso.swift */ = {isa = PBXFileReference; lastKnownFileType = sourcecode.swift; path = Espresso.swift; sourceTree = "<group>"; };
		28471FB0290EA147005D8683 /* HouseBlend.swift */ = {isa = PBXFileReference; lastKnownFileType = sourcecode.swift; path = HouseBlend.swift; sourceTree = "<group>"; };
		28471FB2290EA17B005D8683 /* Decaf.swift */ = {isa = PBXFileReference; lastKnownFileType = sourcecode.swift; path = Decaf.swift; sourceTree = "<group>"; };
		28471FB4290EA197005D8683 /* DarkRoast.swift */ = {isa = PBXFileReference; lastKnownFileType = sourcecode.swift; path = DarkRoast.swift; sourceTree = "<group>"; };
		28471FB6290EA1B6005D8683 /* Soy.swift */ = {isa = PBXFileReference; lastKnownFileType = sourcecode.swift; path = Soy.swift; sourceTree = "<group>"; };
		28471FB8290EA1E6005D8683 /* Whip.swift */ = {isa = PBXFileReference; lastKnownFileType = sourcecode.swift; path = Whip.swift; sourceTree = "<group>"; };
		28471FBA290EA22E005D8683 /* StartbuzzCoffee.swift */ = {isa = PBXFileReference; lastKnownFileType = sourcecode.swift; path = StartbuzzCoffee.swift; sourceTree = "<group>"; };
		285B886329209E2E00B2925B /* PizzaIngredientFactory.swift */ = {isa = PBXFileReference; lastKnownFileType = sourcecode.swift; path = PizzaIngredientFactory.swift; sourceTree = "<group>"; };
		285B886529209EED00B2925B /* Dough.swift */ = {isa = PBXFileReference; lastKnownFileType = sourcecode.swift; path = Dough.swift; sourceTree = "<group>"; };
		285B886729209F1A00B2925B /* Sauce.swift */ = {isa = PBXFileReference; lastKnownFileType = sourcecode.swift; path = Sauce.swift; sourceTree = "<group>"; };
		285B886929209F2500B2925B /* Cheese.swift */ = {isa = PBXFileReference; lastKnownFileType = sourcecode.swift; path = Cheese.swift; sourceTree = "<group>"; };
		285B886B29209F3300B2925B /* Veggies.swift */ = {isa = PBXFileReference; lastKnownFileType = sourcecode.swift; path = Veggies.swift; sourceTree = "<group>"; };
		285B886D29209F4200B2925B /* Pepperoni.swift */ = {isa = PBXFileReference; lastKnownFileType = sourcecode.swift; path = Pepperoni.swift; sourceTree = "<group>"; };
		285B886F29209F5200B2925B /* Clam.swift */ = {isa = PBXFileReference; lastKnownFileType = sourcecode.swift; path = Clam.swift; sourceTree = "<group>"; };
		285B887129209FD700B2925B /* NYPizzaIngredientFactory.swift */ = {isa = PBXFileReference; lastKnownFileType = sourcecode.swift; path = NYPizzaIngredientFactory.swift; sourceTree = "<group>"; };
		285B88732920A0E600B2925B /* ThinCrustDough.swift */ = {isa = PBXFileReference; lastKnownFileType = sourcecode.swift; path = ThinCrustDough.swift; sourceTree = "<group>"; };
		285B88752920A12100B2925B /* ThickCrustDough.swift */ = {isa = PBXFileReference; lastKnownFileType = sourcecode.swift; path = ThickCrustDough.swift; sourceTree = "<group>"; };
		285B88772920A13F00B2925B /* PlumTomatoSauce.swift */ = {isa = PBXFileReference; lastKnownFileType = sourcecode.swift; path = PlumTomatoSauce.swift; sourceTree = "<group>"; };
		285B88792920A15B00B2925B /* MarinaraSauce.swift */ = {isa = PBXFileReference; lastKnownFileType = sourcecode.swift; path = MarinaraSauce.swift; sourceTree = "<group>"; };
		285B887B2920A16D00B2925B /* MozzarellaCheese.swift */ = {isa = PBXFileReference; lastKnownFileType = sourcecode.swift; path = MozzarellaCheese.swift; sourceTree = "<group>"; };
		285B887D2920A17D00B2925B /* ReggianoCheese.swift */ = {isa = PBXFileReference; lastKnownFileType = sourcecode.swift; path = ReggianoCheese.swift; sourceTree = "<group>"; };
		285B88812920A1A100B2925B /* FrozenClams.swift */ = {isa = PBXFileReference; lastKnownFileType = sourcecode.swift; path = FrozenClams.swift; sourceTree = "<group>"; };
		285B88832920A1AF00B2925B /* FreshClams.swift */ = {isa = PBXFileReference; lastKnownFileType = sourcecode.swift; path = FreshClams.swift; sourceTree = "<group>"; };
		285B88852920A1D100B2925B /* SlicedPepperoni.swift */ = {isa = PBXFileReference; lastKnownFileType = sourcecode.swift; path = SlicedPepperoni.swift; sourceTree = "<group>"; };
		285B88872920A20900B2925B /* Garlic.swift */ = {isa = PBXFileReference; lastKnownFileType = sourcecode.swift; path = Garlic.swift; sourceTree = "<group>"; };
		285B88892920A21500B2925B /* Onion.swift */ = {isa = PBXFileReference; lastKnownFileType = sourcecode.swift; path = Onion.swift; sourceTree = "<group>"; };
		285B888B2920A22900B2925B /* Mushroom.swift */ = {isa = PBXFileReference; lastKnownFileType = sourcecode.swift; path = Mushroom.swift; sourceTree = "<group>"; };
		285B888D2920A23B00B2925B /* RedPepper.swift */ = {isa = PBXFileReference; lastKnownFileType = sourcecode.swift; path = RedPepper.swift; sourceTree = "<group>"; };
		285B888F2920A43D00B2925B /* ChicagoPizzaIngredientFactory.swift */ = {isa = PBXFileReference; lastKnownFileType = sourcecode.swift; path = ChicagoPizzaIngredientFactory.swift; sourceTree = "<group>"; };
		285B88912920A4F000B2925B /* BlackOlives.swift */ = {isa = PBXFileReference; lastKnownFileType = sourcecode.swift; path = BlackOlives.swift; sourceTree = "<group>"; };
		285B88932920A50400B2925B /* Spinach.swift */ = {isa = PBXFileReference; lastKnownFileType = sourcecode.swift; path = Spinach.swift; sourceTree = "<group>"; };
		285B88952920A51300B2925B /* Eggplant.swift */ = {isa = PBXFileReference; lastKnownFileType = sourcecode.swift; path = Eggplant.swift; sourceTree = "<group>"; };
		285B88982920A5A300B2925B /* Pizza.swift */ = {isa = PBXFileReference; lastKnownFileType = sourcecode.swift; path = Pizza.swift; sourceTree = "<group>"; };
		285B889A2920A66400B2925B /* CheesePizza.swift */ = {isa = PBXFileReference; lastKnownFileType = sourcecode.swift; path = CheesePizza.swift; sourceTree = "<group>"; };
		285B889C2920A90A00B2925B /* ClamPizza.swift */ = {isa = PBXFileReference; lastKnownFileType = sourcecode.swift; path = ClamPizza.swift; sourceTree = "<group>"; };
		285B889E2920A9B700B2925B /* VeggiePizza.swift */ = {isa = PBXFileReference; lastKnownFileType = sourcecode.swift; path = VeggiePizza.swift; sourceTree = "<group>"; };
		285B88A02920A9DE00B2925B /* PepperoniPizza.swift */ = {isa = PBXFileReference; lastKnownFileType = sourcecode.swift; path = PepperoniPizza.swift; sourceTree = "<group>"; };
		285B88A22920AA1A00B2925B /* NYPizzaStore.swift */ = {isa = PBXFileReference; lastKnownFileType = sourcecode.swift; path = NYPizzaStore.swift; sourceTree = "<group>"; };
		285B88A42920AA8700B2925B /* PizzaStore.swift */ = {isa = PBXFileReference; lastKnownFileType = sourcecode.swift; path = PizzaStore.swift; sourceTree = "<group>"; };
		285B88A62920ABAD00B2925B /* ChicagoPizzaStore.swift */ = {isa = PBXFileReference; lastKnownFileType = sourcecode.swift; path = ChicagoPizzaStore.swift; sourceTree = "<group>"; };
		285B88A82920B41F00B2925B /* PizzaDrive.swift */ = {isa = PBXFileReference; lastKnownFileType = sourcecode.swift; path = PizzaDrive.swift; sourceTree = "<group>"; };
		28CB340F28FBE08700F3B828 /* Subject.swift */ = {isa = PBXFileReference; lastKnownFileType = sourcecode.swift; path = Subject.swift; sourceTree = "<group>"; };
		28CB341128FBE11F00F3B828 /* Observer.swift */ = {isa = PBXFileReference; lastKnownFileType = sourcecode.swift; path = Observer.swift; sourceTree = "<group>"; };
		28CB341328FBE18300F3B828 /* DisplayElement.swift */ = {isa = PBXFileReference; lastKnownFileType = sourcecode.swift; path = DisplayElement.swift; sourceTree = "<group>"; };
		28CB341528FBE1B200F3B828 /* WeatherData.swift */ = {isa = PBXFileReference; lastKnownFileType = sourcecode.swift; path = WeatherData.swift; sourceTree = "<group>"; };
		28CB341728FBEAEA00F3B828 /* CurrentConditionDisplay.swift */ = {isa = PBXFileReference; lastKnownFileType = sourcecode.swift; path = CurrentConditionDisplay.swift; sourceTree = "<group>"; };
		28CB341928FBEE0C00F3B828 /* SimulatorDuck.swift */ = {isa = PBXFileReference; lastKnownFileType = sourcecode.swift; path = SimulatorDuck.swift; sourceTree = "<group>"; };
		28CB341B28FBEE3E00F3B828 /* WeatherStation.swift */ = {isa = PBXFileReference; lastKnownFileType = sourcecode.swift; path = WeatherStation.swift; sourceTree = "<group>"; };
		28CB341D28FBEF9100F3B828 /* ForecastDisplay.swift */ = {isa = PBXFileReference; lastKnownFileType = sourcecode.swift; path = ForecastDisplay.swift; sourceTree = "<group>"; };
		28CB341F28FBF0EB00F3B828 /* StatisticsDisplay.swift */ = {isa = PBXFileReference; lastKnownFileType = sourcecode.swift; path = StatisticsDisplay.swift; sourceTree = "<group>"; };
		28CB342128FBF6B400F3B828 /* HeatIndexDisplay.swift */ = {isa = PBXFileReference; lastKnownFileType = sourcecode.swift; path = HeatIndexDisplay.swift; sourceTree = "<group>"; };
		28CBC63728F6E0C3006933BC /* DesignPattern */ = {isa = PBXFileReference; explicitFileType = "compiled.mach-o.executable"; includeInIndex = 0; path = DesignPattern; sourceTree = BUILT_PRODUCTS_DIR; };
		28CBC63A28F6E0C3006933BC /* main.swift */ = {isa = PBXFileReference; lastKnownFileType = sourcecode.swift; path = main.swift; sourceTree = "<group>"; };
		28CBC64528F6EF7D006933BC /* Duck.swift */ = {isa = PBXFileReference; lastKnownFileType = sourcecode.swift; path = Duck.swift; sourceTree = "<group>"; };
		28CBC64728F6F004006933BC /* FlyBehaviorProtocol.swift */ = {isa = PBXFileReference; lastKnownFileType = sourcecode.swift; path = FlyBehaviorProtocol.swift; sourceTree = "<group>"; };
		28CBC64A28F6F1DE006933BC /* FlyWithWings.swift */ = {isa = PBXFileReference; lastKnownFileType = sourcecode.swift; path = FlyWithWings.swift; sourceTree = "<group>"; };
		28CBC64C28F6F362006933BC /* FlyNoWay.swift */ = {isa = PBXFileReference; lastKnownFileType = sourcecode.swift; path = FlyNoWay.swift; sourceTree = "<group>"; };
		28CBC64F28F6F6C1006933BC /* QuackBehaviorProtocol.swift */ = {isa = PBXFileReference; lastKnownFileType = sourcecode.swift; path = QuackBehaviorProtocol.swift; sourceTree = "<group>"; };
		28CBC65128F6F6F2006933BC /* Quack.swift */ = {isa = PBXFileReference; lastKnownFileType = sourcecode.swift; path = Quack.swift; sourceTree = "<group>"; };
		28CBC65328F6F727006933BC /* MuteQuack.swift */ = {isa = PBXFileReference; lastKnownFileType = sourcecode.swift; path = MuteQuack.swift; sourceTree = "<group>"; };
		28CBC65528F6F75F006933BC /* Squeak.swift */ = {isa = PBXFileReference; lastKnownFileType = sourcecode.swift; path = Squeak.swift; sourceTree = "<group>"; };
		28CBC65A28F6F7DD006933BC /* MallardDuck.swift */ = {isa = PBXFileReference; lastKnownFileType = sourcecode.swift; path = MallardDuck.swift; sourceTree = "<group>"; };
		28CBC65C28F7049D006933BC /* ModelDuck.swift */ = {isa = PBXFileReference; lastKnownFileType = sourcecode.swift; path = ModelDuck.swift; sourceTree = "<group>"; };
		28CBC65E28F704FE006933BC /* FlyRocketPowered.swift */ = {isa = PBXFileReference; lastKnownFileType = sourcecode.swift; path = FlyRocketPowered.swift; sourceTree = "<group>"; };
/* End PBXFileReference section */

/* Begin PBXFrameworksBuildPhase section */
		28CBC63428F6E0C3006933BC /* Frameworks */ = {
			isa = PBXFrameworksBuildPhase;
			buildActionMask = 2147483647;
			files = (
			);
			runOnlyForDeploymentPostprocessing = 0;
		};
/* End PBXFrameworksBuildPhase section */

/* Begin PBXGroup section */
		280B9C1D2916624000F47E55 /* 생성패턴 */ = {
			isa = PBXGroup;
			children = (
				280B9C1E2916624F00F47E55 /* 팩토리패턴 */,
			);
			name = "생성패턴";
			path = "생성패턴";
			sourceTree = "<group>";
		};
		280B9C1E2916624F00F47E55 /* 팩토리패턴 */ = {
			isa = PBXGroup;
			children = (
				285B885E29209D1C00B2925B /* Abstract Factory Pattern */,
				280B9C1F2916625D00F47E55 /* Factory Method Pattern */,
			);
			name = "팩토리패턴";
			path = "팩토리패턴";
			sourceTree = "<group>";
		};
		280B9C1F2916625D00F47E55 /* Factory Method Pattern */ = {
			isa = PBXGroup;
			children = (
				280B9C342916834500F47E55 /* Product */,
				280B9C332916833E00F47E55 /* Creator */,
				280B9C322916831300F47E55 /* ConcreteCreator */,
				280B9C2929167F6F00F47E55 /* ConcreteProduct */,
				280B9C41291696B200F47E55 /* PizzaTestDrive.swift */,
			);
			name = "Factory Method Pattern";
			path = "팩토리메소드패턴(Factory Method Pattern)";
			sourceTree = "<group>";
		};
		280B9C2929167F6F00F47E55 /* ConcreteProduct */ = {
			isa = PBXGroup;
			children = (
				280B9C40291684FC00F47E55 /* ChicagoStyle */,
				280B9C3F291684F400F47E55 /* NewyorkStyle */,
			);
			path = ConcreteProduct;
			sourceTree = "<group>";
		};
		280B9C322916831300F47E55 /* ConcreteCreator */ = {
			isa = PBXGroup;
			children = (
				280B9C2529167B7700F47E55 /* NYPizzaStore.swift */,
				280B9C352916836D00F47E55 /* ChicagoPizzaStore.swift */,
			);
			path = ConcreteCreator;
			sourceTree = "<group>";
		};
		280B9C332916833E00F47E55 /* Creator */ = {
			isa = PBXGroup;
			children = (
				280B9C21291662B800F47E55 /* PizzaStore.swift */,
			);
			path = Creator;
			sourceTree = "<group>";
		};
		280B9C342916834500F47E55 /* Product */ = {
			isa = PBXGroup;
			children = (
				280B9C2329166C3800F47E55 /* Pizza.swift */,
			);
			path = Product;
			sourceTree = "<group>";
		};
		280B9C3F291684F400F47E55 /* NewyorkStyle */ = {
			isa = PBXGroup;
			children = (
				280B9C2729167DD200F47E55 /* NYStyleVeggiePizza.swift */,
				280B9C2A2916800D00F47E55 /* NYStyleCheesePizza.swift */,
				280B9C2C2916804B00F47E55 /* NyStyleClamPizza.swift */,
				280B9C2E2916807E00F47E55 /* NYStylePepperoniPizza.swift */,
			);
			path = NewyorkStyle;
			sourceTree = "<group>";
		};
		280B9C40291684FC00F47E55 /* ChicagoStyle */ = {
			isa = PBXGroup;
			children = (
				280B9C37291683B500F47E55 /* ChicagoStyleVeggiePizza.swift */,
				280B9C392916843D00F47E55 /* ChicagoStylePepperoniPizza.swift */,
				280B9C3B2916848200F47E55 /* ChicagoStyleClamPizza.swift */,
				280B9C3D291684AB00F47E55 /* ChicagoStyleCheesePizza.swift */,
			);
			path = ChicagoStyle;
			sourceTree = "<group>";
		};
		28471FA4290E9F98005D8683 /* 구조패턴 */ = {
			isa = PBXGroup;
			children = (
				28471FA5290E9F9D005D8683 /* 데코레이터패턴(Decorator Pattern) */,
			);
			name = "구조패턴";
			path = "구조패턴";
			sourceTree = "<group>";
		};
		28471FA5290E9F9D005D8683 /* 데코레이터패턴(Decorator Pattern) */ = {
			isa = PBXGroup;
			children = (
				28471FA6290E9FB5005D8683 /* Beverage.swift */,
				28471FA8290EA005005D8683 /* BeverageDecorator.swift */,
				28471FAA290EA058005D8683 /* Moca.swift */,
				28471FAC290EA0A9005D8683 /* Milk.swift */,
				28471FB6290EA1B6005D8683 /* Soy.swift */,
				28471FB8290EA1E6005D8683 /* Whip.swift */,
				28471FAE290EA110005D8683 /* Espresso.swift */,
				28471FB0290EA147005D8683 /* HouseBlend.swift */,
				28471FB2290EA17B005D8683 /* Decaf.swift */,
				28471FB4290EA197005D8683 /* DarkRoast.swift */,
				28471FBA290EA22E005D8683 /* StartbuzzCoffee.swift */,
			);
			name = "데코레이터패턴(Decorator Pattern)";
			path = "데코레이터패턴(Decorator Pattern)";
			sourceTree = "<group>";
		};
		285B885E29209D1C00B2925B /* Abstract Factory Pattern */ = {
			isa = PBXGroup;
			children = (
				285B88A82920B41F00B2925B /* PizzaDrive.swift */,
				285B88972920A59000B2925B /* Client */,
				285B886229209D9300B2925B /* ConcreteProduct */,
				285B886129209D7700B2925B /* AbstractProduct */,
				285B886029209D5900B2925B /* ConcreteFactory */,
				285B885F29209D3C00B2925B /* AbstractFactory */,
			);
			path = "Abstract Factory Pattern";
			sourceTree = "<group>";
		};
		285B885F29209D3C00B2925B /* AbstractFactory */ = {
			isa = PBXGroup;
			children = (
				285B886329209E2E00B2925B /* PizzaIngredientFactory.swift */,
			);
			path = AbstractFactory;
			sourceTree = "<group>";
		};
		285B886029209D5900B2925B /* ConcreteFactory */ = {
			isa = PBXGroup;
			children = (
				285B887129209FD700B2925B /* NYPizzaIngredientFactory.swift */,
				285B888F2920A43D00B2925B /* ChicagoPizzaIngredientFactory.swift */,
			);
			path = ConcreteFactory;
			sourceTree = "<group>";
		};
		285B886129209D7700B2925B /* AbstractProduct */ = {
			isa = PBXGroup;
			children = (
				285B886529209EED00B2925B /* Dough.swift */,
				285B886729209F1A00B2925B /* Sauce.swift */,
				285B886929209F2500B2925B /* Cheese.swift */,
				285B886B29209F3300B2925B /* Veggies.swift */,
				285B886D29209F4200B2925B /* Pepperoni.swift */,
				285B886F29209F5200B2925B /* Clam.swift */,
			);
			path = AbstractProduct;
			sourceTree = "<group>";
		};
		285B886229209D9300B2925B /* ConcreteProduct */ = {
			isa = PBXGroup;
			children = (
				285B88732920A0E600B2925B /* ThinCrustDough.swift */,
				285B88752920A12100B2925B /* ThickCrustDough.swift */,
				285B88772920A13F00B2925B /* PlumTomatoSauce.swift */,
				285B88792920A15B00B2925B /* MarinaraSauce.swift */,
				285B887B2920A16D00B2925B /* MozzarellaCheese.swift */,
				285B887D2920A17D00B2925B /* ReggianoCheese.swift */,
				285B88812920A1A100B2925B /* FrozenClams.swift */,
				285B88832920A1AF00B2925B /* FreshClams.swift */,
				285B88852920A1D100B2925B /* SlicedPepperoni.swift */,
				285B88872920A20900B2925B /* Garlic.swift */,
				285B88892920A21500B2925B /* Onion.swift */,
				285B888B2920A22900B2925B /* Mushroom.swift */,
				285B888D2920A23B00B2925B /* RedPepper.swift */,
				285B88912920A4F000B2925B /* BlackOlives.swift */,
				285B88932920A50400B2925B /* Spinach.swift */,
				285B88952920A51300B2925B /* Eggplant.swift */,
			);
			path = ConcreteProduct;
			sourceTree = "<group>";
		};
		285B88972920A59000B2925B /* Client */ = {
			isa = PBXGroup;
			children = (
				285B88982920A5A300B2925B /* Pizza.swift */,
				285B889A2920A66400B2925B /* CheesePizza.swift */,
				285B889C2920A90A00B2925B /* ClamPizza.swift */,
				285B889E2920A9B700B2925B /* VeggiePizza.swift */,
				285B88A02920A9DE00B2925B /* PepperoniPizza.swift */,
				285B88A22920AA1A00B2925B /* NYPizzaStore.swift */,
				285B88A42920AA8700B2925B /* PizzaStore.swift */,
				285B88A62920ABAD00B2925B /* ChicagoPizzaStore.swift */,
			);
			path = Client;
			sourceTree = "<group>";
		};
		28CB340E28FBE06200F3B828 /* 옵저버패턴(Observer Pattern) */ = {
			isa = PBXGroup;
			children = (
				28D5D92F29040AA9002ADAE0 /* ConcreteSubject */,
				28D5D92E29040AA1002ADAE0 /* ConcreteObserver */,
				28D5D92D29040A76002ADAE0 /* Observer */,
				28D5D92C29040A6A002ADAE0 /* Subject */,
				28CB341328FBE18300F3B828 /* DisplayElement.swift */,
				28CB341B28FBEE3E00F3B828 /* WeatherStation.swift */,
			);
			name = "옵저버패턴(Observer Pattern)";
			path = "옵저버패턴(Observer Pattern)";
			sourceTree = "<group>";
		};
		28CBC62E28F6E0C3006933BC = {
			isa = PBXGroup;
			children = (
				28CBC63928F6E0C3006933BC /* DesignPattern */,
				28CBC63828F6E0C3006933BC /* Products */,
			);
			sourceTree = "<group>";
		};
		28CBC63828F6E0C3006933BC /* Products */ = {
			isa = PBXGroup;
			children = (
				28CBC63728F6E0C3006933BC /* DesignPattern */,
			);
			name = Products;
			sourceTree = "<group>";
		};
		28CBC63928F6E0C3006933BC /* DesignPattern */ = {
			isa = PBXGroup;
			children = (
				280B9C1D2916624000F47E55 /* 생성패턴 */,
				28471FA4290E9F98005D8683 /* 구조패턴 */,
				28CBC64228F6EF40006933BC /* 행위패턴 */,
				28CBC63A28F6E0C3006933BC /* main.swift */,
			);
			path = DesignPattern;
			sourceTree = "<group>";
		};
		28CBC64128F6EB9C006933BC /* 전략패턴(Strategy Pattern) */ = {
			isa = PBXGroup;
			children = (
				28CBC65728F6F78B006933BC /* Duck */,
				28CBC64E28F6F6A0006933BC /* QuackBehavior */,
				28CBC64928F6F039006933BC /* FlyBehavior */,
				28CB341928FBEE0C00F3B828 /* SimulatorDuck.swift */,
			);
			name = "전략패턴(Strategy Pattern)";
			path = "전략패턴(Strategy Pattern)";
			sourceTree = "<group>";
		};
		28CBC64228F6EF40006933BC /* 행위패턴 */ = {
			isa = PBXGroup;
			children = (
				28CB340E28FBE06200F3B828 /* 옵저버패턴(Observer Pattern) */,
				28CBC64128F6EB9C006933BC /* 전략패턴(Strategy Pattern) */,
			);
			name = "행위패턴";
			path = "행위패턴";
			sourceTree = "<group>";
		};
		28CBC64928F6F039006933BC /* FlyBehavior */ = {
			isa = PBXGroup;
			children = (
				28CBC64728F6F004006933BC /* FlyBehaviorProtocol.swift */,
				28CBC64A28F6F1DE006933BC /* FlyWithWings.swift */,
				28CBC64C28F6F362006933BC /* FlyNoWay.swift */,
				28CBC65E28F704FE006933BC /* FlyRocketPowered.swift */,
			);
			path = FlyBehavior;
			sourceTree = "<group>";
		};
		28CBC64E28F6F6A0006933BC /* QuackBehavior */ = {
			isa = PBXGroup;
			children = (
				28CBC64F28F6F6C1006933BC /* QuackBehaviorProtocol.swift */,
				28CBC65128F6F6F2006933BC /* Quack.swift */,
				28CBC65328F6F727006933BC /* MuteQuack.swift */,
				28CBC65528F6F75F006933BC /* Squeak.swift */,
			);
			path = QuackBehavior;
			sourceTree = "<group>";
		};
		28CBC65728F6F78B006933BC /* Duck */ = {
			isa = PBXGroup;
			children = (
				28CBC64528F6EF7D006933BC /* Duck.swift */,
				28CBC65A28F6F7DD006933BC /* MallardDuck.swift */,
				28CBC65C28F7049D006933BC /* ModelDuck.swift */,
			);
			path = Duck;
			sourceTree = "<group>";
		};
		28D5D92C29040A6A002ADAE0 /* Subject */ = {
			isa = PBXGroup;
			children = (
				28CB340F28FBE08700F3B828 /* Subject.swift */,
			);
			path = Subject;
			sourceTree = "<group>";
		};
		28D5D92D29040A76002ADAE0 /* Observer */ = {
			isa = PBXGroup;
			children = (
				28CB341128FBE11F00F3B828 /* Observer.swift */,
			);
			path = Observer;
			sourceTree = "<group>";
		};
		28D5D92E29040AA1002ADAE0 /* ConcreteObserver */ = {
			isa = PBXGroup;
			children = (
				28CB341D28FBEF9100F3B828 /* ForecastDisplay.swift */,
				28CB341F28FBF0EB00F3B828 /* StatisticsDisplay.swift */,
				28CB342128FBF6B400F3B828 /* HeatIndexDisplay.swift */,
				28CB341728FBEAEA00F3B828 /* CurrentConditionDisplay.swift */,
			);
			path = ConcreteObserver;
			sourceTree = "<group>";
		};
		28D5D92F29040AA9002ADAE0 /* ConcreteSubject */ = {
			isa = PBXGroup;
			children = (
				28CB341528FBE1B200F3B828 /* WeatherData.swift */,
			);
			path = ConcreteSubject;
			sourceTree = "<group>";
		};
/* End PBXGroup section */

/* Begin PBXNativeTarget section */
		28CBC63628F6E0C3006933BC /* DesignPattern */ = {
			isa = PBXNativeTarget;
			buildConfigurationList = 28CBC63E28F6E0C3006933BC /* Build configuration list for PBXNativeTarget "DesignPattern" */;
			buildPhases = (
				28CBC63328F6E0C3006933BC /* Sources */,
				28CBC63428F6E0C3006933BC /* Frameworks */,
				28CBC63528F6E0C3006933BC /* CopyFiles */,
			);
			buildRules = (
			);
			dependencies = (
			);
			name = DesignPattern;
			productName = DesignPattern;
			productReference = 28CBC63728F6E0C3006933BC /* DesignPattern */;
			productType = "com.apple.product-type.tool";
		};
/* End PBXNativeTarget section */

/* Begin PBXProject section */
		28CBC62F28F6E0C3006933BC /* Project object */ = {
			isa = PBXProject;
			attributes = {
				BuildIndependentTargetsInParallel = 1;
				LastSwiftUpdateCheck = 1400;
				LastUpgradeCheck = 1400;
				TargetAttributes = {
					28CBC63628F6E0C3006933BC = {
						CreatedOnToolsVersion = 14.0.1;
					};
				};
			};
			buildConfigurationList = 28CBC63228F6E0C3006933BC /* Build configuration list for PBXProject "DesignPattern" */;
			compatibilityVersion = "Xcode 14.0";
			developmentRegion = en;
			hasScannedForEncodings = 0;
			knownRegions = (
				en,
				Base,
			);
			mainGroup = 28CBC62E28F6E0C3006933BC;
			productRefGroup = 28CBC63828F6E0C3006933BC /* Products */;
			projectDirPath = "";
			projectRoot = "";
			targets = (
				28CBC63628F6E0C3006933BC /* DesignPattern */,
			);
		};
/* End PBXProject section */

/* Begin PBXSourcesBuildPhase section */
		28CBC63328F6E0C3006933BC /* Sources */ = {
			isa = PBXSourcesBuildPhase;
			buildActionMask = 2147483647;
			files = (
				28CB341228FBE11F00F3B828 /* Observer.swift in Sources */,
				28CBC64B28F6F1DE006933BC /* FlyWithWings.swift in Sources */,
				285B88942920A50400B2925B /* Spinach.swift in Sources */,
				28471FA7290E9FB5005D8683 /* Beverage.swift in Sources */,
				285B887229209FD700B2925B /* NYPizzaIngredientFactory.swift in Sources */,
				28CB342028FBF0EB00F3B828 /* StatisticsDisplay.swift in Sources */,
				285B886A29209F2500B2925B /* Cheese.swift in Sources */,
				28471FB1290EA147005D8683 /* HouseBlend.swift in Sources */,
				285B88992920A5A300B2925B /* Pizza.swift in Sources */,
				28CB341028FBE08700F3B828 /* Subject.swift in Sources */,
				285B88A32920AA1A00B2925B /* NYPizzaStore.swift in Sources */,
				28CBC65228F6F6F2006933BC /* Quack.swift in Sources */,
				28471FAB290EA058005D8683 /* Moca.swift in Sources */,
				285B888E2920A23B00B2925B /* RedPepper.swift in Sources */,
				285B88822920A1A100B2925B /* FrozenClams.swift in Sources */,
				28CBC65428F6F727006933BC /* MuteQuack.swift in Sources */,
				28CB341828FBEAEA00F3B828 /* CurrentConditionDisplay.swift in Sources */,
				285B888C2920A22900B2925B /* Mushroom.swift in Sources */,
				285B88A52920AA8700B2925B /* PizzaStore.swift in Sources */,
				280B9C2829167DD200F47E55 /* NYStyleVeggiePizza.swift in Sources */,
				280B9C2D2916804B00F47E55 /* NyStyleClamPizza.swift in Sources */,
				28CBC65F28F704FE006933BC /* FlyRocketPowered.swift in Sources */,
				280B9C2F2916807E00F47E55 /* NYStylePepperoniPizza.swift in Sources */,
				28CBC65B28F6F7DD006933BC /* MallardDuck.swift in Sources */,
				285B886429209E2E00B2925B /* PizzaIngredientFactory.swift in Sources */,
				285B88742920A0E600B2925B /* ThinCrustDough.swift in Sources */,
				285B88882920A20900B2925B /* Garlic.swift in Sources */,
				280B9C3A2916843D00F47E55 /* ChicagoStylePepperoniPizza.swift in Sources */,
				280B9C2B2916800D00F47E55 /* NYStyleCheesePizza.swift in Sources */,
				285B887029209F5200B2925B /* Clam.swift in Sources */,
				285B88862920A1D100B2925B /* SlicedPepperoni.swift in Sources */,
				28CBC63B28F6E0C3006933BC /* main.swift in Sources */,
				285B88A12920A9DE00B2925B /* PepperoniPizza.swift in Sources */,
				285B889B2920A66400B2925B /* CheesePizza.swift in Sources */,
				28CBC65D28F7049D006933BC /* ModelDuck.swift in Sources */,
				28471FA9290EA005005D8683 /* BeverageDecorator.swift in Sources */,
				285B889F2920A9B700B2925B /* VeggiePizza.swift in Sources */,
				28471FB5290EA197005D8683 /* DarkRoast.swift in Sources */,
				28CBC64828F6F004006933BC /* FlyBehaviorProtocol.swift in Sources */,
				28471FB7290EA1B6005D8683 /* Soy.swift in Sources */,
				28CBC64628F6EF7D006933BC /* Duck.swift in Sources */,
				285B887C2920A16D00B2925B /* MozzarellaCheese.swift in Sources */,
				285B88A92920B41F00B2925B /* PizzaDrive.swift in Sources */,
				28CB341E28FBEF9100F3B828 /* ForecastDisplay.swift in Sources */,
				285B886629209EED00B2925B /* Dough.swift in Sources */,
				280B9C38291683B500F47E55 /* ChicagoStyleVeggiePizza.swift in Sources */,
				285B88842920A1AF00B2925B /* FreshClams.swift in Sources */,
				28CBC65628F6F75F006933BC /* Squeak.swift in Sources */,
				285B88922920A4F000B2925B /* BlackOlives.swift in Sources */,
				28471FAD290EA0A9005D8683 /* Milk.swift in Sources */,
				285B886829209F1A00B2925B /* Sauce.swift in Sources */,
				285B88782920A13F00B2925B /* PlumTomatoSauce.swift in Sources */,
				285B887E2920A17D00B2925B /* ReggianoCheese.swift in Sources */,
				28CB342228FBF6B400F3B828 /* HeatIndexDisplay.swift in Sources */,
				285B88A72920ABAD00B2925B /* ChicagoPizzaStore.swift in Sources */,
				28CB341628FBE1B200F3B828 /* WeatherData.swift in Sources */,
				285B889D2920A90A00B2925B /* ClamPizza.swift in Sources */,
				285B886C29209F3300B2925B /* Veggies.swift in Sources */,
				285B88902920A43D00B2925B /* ChicagoPizzaIngredientFactory.swift in Sources */,
				285B88762920A12100B2925B /* ThickCrustDough.swift in Sources */,
				285B887A2920A15B00B2925B /* MarinaraSauce.swift in Sources */,
				28471FB3290EA17B005D8683 /* Decaf.swift in Sources */,
				28CBC64D28F6F362006933BC /* FlyNoWay.swift in Sources */,
				28CBC65028F6F6C1006933BC /* QuackBehaviorProtocol.swift in Sources */,
				285B888A2920A21500B2925B /* Onion.swift in Sources */,
				28471FB9290EA1E6005D8683 /* Whip.swift in Sources */,
				285B886E29209F4200B2925B /* Pepperoni.swift in Sources */,
				280B9C3E291684AB00F47E55 /* ChicagoStyleCheesePizza.swift in Sources */,
				28CB341428FBE18300F3B828 /* DisplayElement.swift in Sources */,
				285B88962920A51300B2925B /* Eggplant.swift in Sources */,
				28471FAF290EA110005D8683 /* Espresso.swift in Sources */,
			);
			runOnlyForDeploymentPostprocessing = 0;
		};
/* End PBXSourcesBuildPhase section */

/* Begin XCBuildConfiguration section */
		28CBC63C28F6E0C3006933BC /* Debug */ = {
			isa = XCBuildConfiguration;
			buildSettings = {
				ALWAYS_SEARCH_USER_PATHS = NO;
				CLANG_ANALYZER_NONNULL = YES;
				CLANG_ANALYZER_NUMBER_OBJECT_CONVERSION = YES_AGGRESSIVE;
				CLANG_CXX_LANGUAGE_STANDARD = "gnu++20";
				CLANG_ENABLE_MODULES = YES;
				CLANG_ENABLE_OBJC_ARC = YES;
				CLANG_ENABLE_OBJC_WEAK = YES;
				CLANG_WARN_BLOCK_CAPTURE_AUTORELEASING = YES;
				CLANG_WARN_BOOL_CONVERSION = YES;
				CLANG_WARN_COMMA = YES;
				CLANG_WARN_CONSTANT_CONVERSION = YES;
				CLANG_WARN_DEPRECATED_OBJC_IMPLEMENTATIONS = YES;
				CLANG_WARN_DIRECT_OBJC_ISA_USAGE = YES_ERROR;
				CLANG_WARN_DOCUMENTATION_COMMENTS = YES;
				CLANG_WARN_EMPTY_BODY = YES;
				CLANG_WARN_ENUM_CONVERSION = YES;
				CLANG_WARN_INFINITE_RECURSION = YES;
				CLANG_WARN_INT_CONVERSION = YES;
				CLANG_WARN_NON_LITERAL_NULL_CONVERSION = YES;
				CLANG_WARN_OBJC_IMPLICIT_RETAIN_SELF = YES;
				CLANG_WARN_OBJC_LITERAL_CONVERSION = YES;
				CLANG_WARN_OBJC_ROOT_CLASS = YES_ERROR;
				CLANG_WARN_QUOTED_INCLUDE_IN_FRAMEWORK_HEADER = YES;
				CLANG_WARN_RANGE_LOOP_ANALYSIS = YES;
				CLANG_WARN_STRICT_PROTOTYPES = YES;
				CLANG_WARN_SUSPICIOUS_MOVE = YES;
				CLANG_WARN_UNGUARDED_AVAILABILITY = YES_AGGRESSIVE;
				CLANG_WARN_UNREACHABLE_CODE = YES;
				CLANG_WARN__DUPLICATE_METHOD_MATCH = YES;
				COPY_PHASE_STRIP = NO;
				DEBUG_INFORMATION_FORMAT = dwarf;
				ENABLE_STRICT_OBJC_MSGSEND = YES;
				ENABLE_TESTABILITY = YES;
				GCC_C_LANGUAGE_STANDARD = gnu11;
				GCC_DYNAMIC_NO_PIC = NO;
				GCC_NO_COMMON_BLOCKS = YES;
				GCC_OPTIMIZATION_LEVEL = 0;
				GCC_PREPROCESSOR_DEFINITIONS = (
					"DEBUG=1",
					"$(inherited)",
				);
				GCC_WARN_64_TO_32_BIT_CONVERSION = YES;
				GCC_WARN_ABOUT_RETURN_TYPE = YES_ERROR;
				GCC_WARN_UNDECLARED_SELECTOR = YES;
				GCC_WARN_UNINITIALIZED_AUTOS = YES_AGGRESSIVE;
				GCC_WARN_UNUSED_FUNCTION = YES;
				GCC_WARN_UNUSED_VARIABLE = YES;
				MACOSX_DEPLOYMENT_TARGET = 12.3;
				MTL_ENABLE_DEBUG_INFO = INCLUDE_SOURCE;
				MTL_FAST_MATH = YES;
				ONLY_ACTIVE_ARCH = YES;
				SDKROOT = macosx;
				SWIFT_ACTIVE_COMPILATION_CONDITIONS = DEBUG;
				SWIFT_OPTIMIZATION_LEVEL = "-Onone";
			};
			name = Debug;
		};
		28CBC63D28F6E0C3006933BC /* Release */ = {
			isa = XCBuildConfiguration;
			buildSettings = {
				ALWAYS_SEARCH_USER_PATHS = NO;
				CLANG_ANALYZER_NONNULL = YES;
				CLANG_ANALYZER_NUMBER_OBJECT_CONVERSION = YES_AGGRESSIVE;
				CLANG_CXX_LANGUAGE_STANDARD = "gnu++20";
				CLANG_ENABLE_MODULES = YES;
				CLANG_ENABLE_OBJC_ARC = YES;
				CLANG_ENABLE_OBJC_WEAK = YES;
				CLANG_WARN_BLOCK_CAPTURE_AUTORELEASING = YES;
				CLANG_WARN_BOOL_CONVERSION = YES;
				CLANG_WARN_COMMA = YES;
				CLANG_WARN_CONSTANT_CONVERSION = YES;
				CLANG_WARN_DEPRECATED_OBJC_IMPLEMENTATIONS = YES;
				CLANG_WARN_DIRECT_OBJC_ISA_USAGE = YES_ERROR;
				CLANG_WARN_DOCUMENTATION_COMMENTS = YES;
				CLANG_WARN_EMPTY_BODY = YES;
				CLANG_WARN_ENUM_CONVERSION = YES;
				CLANG_WARN_INFINITE_RECURSION = YES;
				CLANG_WARN_INT_CONVERSION = YES;
				CLANG_WARN_NON_LITERAL_NULL_CONVERSION = YES;
				CLANG_WARN_OBJC_IMPLICIT_RETAIN_SELF = YES;
				CLANG_WARN_OBJC_LITERAL_CONVERSION = YES;
				CLANG_WARN_OBJC_ROOT_CLASS = YES_ERROR;
				CLANG_WARN_QUOTED_INCLUDE_IN_FRAMEWORK_HEADER = YES;
				CLANG_WARN_RANGE_LOOP_ANALYSIS = YES;
				CLANG_WARN_STRICT_PROTOTYPES = YES;
				CLANG_WARN_SUSPICIOUS_MOVE = YES;
				CLANG_WARN_UNGUARDED_AVAILABILITY = YES_AGGRESSIVE;
				CLANG_WARN_UNREACHABLE_CODE = YES;
				CLANG_WARN__DUPLICATE_METHOD_MATCH = YES;
				COPY_PHASE_STRIP = NO;
				DEBUG_INFORMATION_FORMAT = "dwarf-with-dsym";
				ENABLE_NS_ASSERTIONS = NO;
				ENABLE_STRICT_OBJC_MSGSEND = YES;
				GCC_C_LANGUAGE_STANDARD = gnu11;
				GCC_NO_COMMON_BLOCKS = YES;
				GCC_WARN_64_TO_32_BIT_CONVERSION = YES;
				GCC_WARN_ABOUT_RETURN_TYPE = YES_ERROR;
				GCC_WARN_UNDECLARED_SELECTOR = YES;
				GCC_WARN_UNINITIALIZED_AUTOS = YES_AGGRESSIVE;
				GCC_WARN_UNUSED_FUNCTION = YES;
				GCC_WARN_UNUSED_VARIABLE = YES;
				MACOSX_DEPLOYMENT_TARGET = 12.3;
				MTL_ENABLE_DEBUG_INFO = NO;
				MTL_FAST_MATH = YES;
				SDKROOT = macosx;
				SWIFT_COMPILATION_MODE = wholemodule;
				SWIFT_OPTIMIZATION_LEVEL = "-O";
			};
			name = Release;
		};
		28CBC63F28F6E0C3006933BC /* Debug */ = {
			isa = XCBuildConfiguration;
			buildSettings = {
				CODE_SIGN_STYLE = Automatic;
				DEVELOPMENT_TEAM = 856Q6QA7Z9;
				ENABLE_HARDENED_RUNTIME = YES;
				PRODUCT_NAME = "$(TARGET_NAME)";
				SWIFT_VERSION = 5.0;
			};
			name = Debug;
		};
		28CBC64028F6E0C3006933BC /* Release */ = {
			isa = XCBuildConfiguration;
			buildSettings = {
				CODE_SIGN_STYLE = Automatic;
				DEVELOPMENT_TEAM = 856Q6QA7Z9;
				ENABLE_HARDENED_RUNTIME = YES;
				PRODUCT_NAME = "$(TARGET_NAME)";
				SWIFT_VERSION = 5.0;
			};
			name = Release;
		};
/* End XCBuildConfiguration section */

/* Begin XCConfigurationList section */
		28CBC63228F6E0C3006933BC /* Build configuration list for PBXProject "DesignPattern" */ = {
			isa = XCConfigurationList;
			buildConfigurations = (
				28CBC63C28F6E0C3006933BC /* Debug */,
				28CBC63D28F6E0C3006933BC /* Release */,
			);
			defaultConfigurationIsVisible = 0;
			defaultConfigurationName = Release;
		};
		28CBC63E28F6E0C3006933BC /* Build configuration list for PBXNativeTarget "DesignPattern" */ = {
			isa = XCConfigurationList;
			buildConfigurations = (
				28CBC63F28F6E0C3006933BC /* Debug */,
				28CBC64028F6E0C3006933BC /* Release */,
			);
			defaultConfigurationIsVisible = 0;
			defaultConfigurationName = Release;
		};
/* End XCConfigurationList section */
	};
	rootObject = 28CBC62F28F6E0C3006933BC /* Project object */;
}
